
Microsoft Visual Studio Solution File, Format Version 12.00
# Visual Studio Version 16
VisualStudioVersion = 16.0.29319.158
MinimumVisualStudioVersion = 10.0.40219.1
Project("{9A19103F-16F7-4668-BE54-9A1E7A4F7556}") = "CSharpNewFeatures", "CSharpNewFeatures\CSharpNewFeatures.csproj", "{6924058C-3963-4022-A7DF-4014D0326B5F}"
EndProject
Project("{FAE04EC0-301F-11D3-BF4B-00C04F79EFBC}") = "CSharpNewFeatures.Unsafe", "CSharpNewFeatures.Unsafe\CSharpNewFeatures.Unsafe.csproj", "{FFAB445A-2B85-4A14-942A-8AE61930B6CC}"
EndProject
Global
	GlobalSection(SolutionConfigurationPlatforms) = preSolution
		Debug|Any CPU = Debug|Any CPU
		Release|Any CPU = Release|Any CPU
	EndGlobalSection
	GlobalSection(ProjectConfigurationPlatforms) = postSolution
		{6924058C-3963-4022-A7DF-4014D0326B5F}.Debug|Any CPU.ActiveCfg = Debug|Any CPU
		{6924058C-3963-4022-A7DF-4014D0326B5F}.Debug|Any CPU.Build.0 = Debug|Any CPU
		{6924058C-3963-4022-A7DF-4014D0326B5F}.Release|Any CPU.ActiveCfg = Release|Any CPU
		{6924058C-3963-4022-A7DF-4014D0326B5F}.Release|Any CPU.Build.0 = Release|Any CPU
		{FFAB445A-2B85-4A14-942A-8AE61930B6CC}.Debug|Any CPU.ActiveCfg = Debug|Any CPU
		{FFAB445A-2B85-4A14-942A-8AE61930B6CC}.Debug|Any CPU.Build.0 = Debug|Any CPU
		{FFAB445A-2B85-4A14-942A-8AE61930B6CC}.Release|Any CPU.ActiveCfg = Release|Any CPU
		{FFAB445A-2B85-4A14-942A-8AE61930B6CC}.Release|Any CPU.Build.0 = Release|Any CPU
	EndGlobalSection
	GlobalSection(SolutionProperties) = preSolution
		HideSolutionNode = FALSE
	EndGlobalSection
	GlobalSection(ExtensibilityGlobals) = postSolution
		SolutionGuid = {612C524C-17D2-4BAA-9B29-B8F456D4DD5D}
	EndGlobalSection
EndGlobal
